// !$*UTF8*$!
{
	archiveVersion = 1;
	classes = {
	};
	objectVersion = 50;
	objects = {

/* Begin PBXBuildFile section */
		3139C4A322C37BC700AA1AA1 /* AppDelegate.swift in Sources */ = {isa = PBXBuildFile; fileRef = 3139C4A222C37BC700AA1AA1 /* AppDelegate.swift */; };
		3139C4A822C37BC700AA1AA1 /* Main.storyboard in Resources */ = {isa = PBXBuildFile; fileRef = 3139C4A622C37BC700AA1AA1 /* Main.storyboard */; };
		3139C4AA22C37BC800AA1AA1 /* Assets.xcassets in Resources */ = {isa = PBXBuildFile; fileRef = 3139C4A922C37BC800AA1AA1 /* Assets.xcassets */; };
		3139C4AD22C37BC800AA1AA1 /* LaunchScreen.storyboard in Resources */ = {isa = PBXBuildFile; fileRef = 3139C4AB22C37BC800AA1AA1 /* LaunchScreen.storyboard */; };
		3139C4B722C3841C00AA1AA1 /* ProgressViewController.swift in Sources */ = {isa = PBXBuildFile; fileRef = 3139C4B622C3841C00AA1AA1 /* ProgressViewController.swift */; };
		3139C4BB22C3844600AA1AA1 /* CalendarViewController.swift in Sources */ = {isa = PBXBuildFile; fileRef = 3139C4BA22C3844600AA1AA1 /* CalendarViewController.swift */; };
		3139C4BD22C3845800AA1AA1 /* ProfileViewController.swift in Sources */ = {isa = PBXBuildFile; fileRef = 3139C4BC22C3845800AA1AA1 /* ProfileViewController.swift */; };
		3139C4C122C3A2C500AA1AA1 /* DateCollectionViewCell.swift in Sources */ = {isa = PBXBuildFile; fileRef = 3139C4C022C3A2C500AA1AA1 /* DateCollectionViewCell.swift */; };
		3139C4C422C3A5A500AA1AA1 /* CalendarVars.swift in Sources */ = {isa = PBXBuildFile; fileRef = 3139C4C322C3A5A500AA1AA1 /* CalendarVars.swift */; };
		31B6628624436E050060E861 /* WorkoutTableViewController.swift in Sources */ = {isa = PBXBuildFile; fileRef = 31B6628524436E050060E861 /* WorkoutTableViewController.swift */; };
		31B6628824437F920060E861 /* ExerciseTableViewCell.swift in Sources */ = {isa = PBXBuildFile; fileRef = 31B6628724437F920060E861 /* ExerciseTableViewCell.swift */; };
/* End PBXBuildFile section */

/* Begin PBXFileReference section */
		3139C49F22C37BC700AA1AA1 /* Prototype.app */ = {isa = PBXFileReference; explicitFileType = wrapper.application; includeInIndex = 0; path = Prototype.app; sourceTree = BUILT_PRODUCTS_DIR; };
		3139C4A222C37BC700AA1AA1 /* AppDelegate.swift */ = {isa = PBXFileReference; lastKnownFileType = sourcecode.swift; path = AppDelegate.swift; sourceTree = "<group>"; };
		3139C4A722C37BC700AA1AA1 /* Base */ = {isa = PBXFileReference; lastKnownFileType = file.storyboard; name = Base; path = Base.lproj/Main.storyboard; sourceTree = "<group>"; };
		3139C4A922C37BC800AA1AA1 /* Assets.xcassets */ = {isa = PBXFileReference; lastKnownFileType = folder.assetcatalog; path = Assets.xcassets; sourceTree = "<group>"; };
		3139C4AC22C37BC800AA1AA1 /* Base */ = {isa = PBXFileReference; lastKnownFileType = file.storyboard; name = Base; path = Base.lproj/LaunchScreen.storyboard; sourceTree = "<group>"; };
		3139C4AE22C37BC800AA1AA1 /* Info.plist */ = {isa = PBXFileReference; lastKnownFileType = text.plist.xml; path = Info.plist; sourceTree = "<group>"; };
		3139C4B622C3841C00AA1AA1 /* ProgressViewController.swift */ = {isa = PBXFileReference; lastKnownFileType = sourcecode.swift; path = ProgressViewController.swift; sourceTree = "<group>"; };
		3139C4BA22C3844600AA1AA1 /* CalendarViewController.swift */ = {isa = PBXFileReference; lastKnownFileType = sourcecode.swift; path = CalendarViewController.swift; sourceTree = "<group>"; };
		3139C4BC22C3845800AA1AA1 /* ProfileViewController.swift */ = {isa = PBXFileReference; lastKnownFileType = sourcecode.swift; path = ProfileViewController.swift; sourceTree = "<group>"; };
		3139C4C022C3A2C500AA1AA1 /* DateCollectionViewCell.swift */ = {isa = PBXFileReference; lastKnownFileType = sourcecode.swift; path = DateCollectionViewCell.swift; sourceTree = "<group>"; };
		3139C4C322C3A5A500AA1AA1 /* CalendarVars.swift */ = {isa = PBXFileReference; lastKnownFileType = sourcecode.swift; path = CalendarVars.swift; sourceTree = "<group>"; };
		31B6628524436E050060E861 /* WorkoutTableViewController.swift */ = {isa = PBXFileReference; lastKnownFileType = sourcecode.swift; path = WorkoutTableViewController.swift; sourceTree = "<group>"; };
		31B6628724437F920060E861 /* ExerciseTableViewCell.swift */ = {isa = PBXFileReference; lastKnownFileType = sourcecode.swift; path = ExerciseTableViewCell.swift; sourceTree = "<group>"; };
/* End PBXFileReference section */

/* Begin PBXFrameworksBuildPhase section */
		3139C49C22C37BC700AA1AA1 /* Frameworks */ = {
			isa = PBXFrameworksBuildPhase;
			buildActionMask = 2147483647;
			files = (
			);
			runOnlyForDeploymentPostprocessing = 0;
		};
/* End PBXFrameworksBuildPhase section */

/* Begin PBXGroup section */
		3139C49622C37BC700AA1AA1 = {
			isa = PBXGroup;
			children = (
				3139C4A122C37BC700AA1AA1 /* Prototype */,
				3139C4A022C37BC700AA1AA1 /* Products */,
			);
			sourceTree = "<group>";
		};
		3139C4A022C37BC700AA1AA1 /* Products */ = {
			isa = PBXGroup;
			children = (
				3139C49F22C37BC700AA1AA1 /* Prototype.app */,
			);
			name = Products;
			sourceTree = "<group>";
		};
		3139C4A122C37BC700AA1AA1 /* Prototype */ = {
			isa = PBXGroup;
			children = (
				3139C4C222C3A57800AA1AA1 /* Model */,
				3139C4BF22C384AA00AA1AA1 /* View */,
				3139C4BE22C3847700AA1AA1 /* Controller */,
				3139C4A222C37BC700AA1AA1 /* AppDelegate.swift */,
				3139C4A922C37BC800AA1AA1 /* Assets.xcassets */,
				3139C4AE22C37BC800AA1AA1 /* Info.plist */,
			);
			path = Prototype;
			sourceTree = "<group>";
		};
		3139C4BE22C3847700AA1AA1 /* Controller */ = {
			isa = PBXGroup;
			children = (
				31B6628524436E050060E861 /* WorkoutTableViewController.swift */,
				31B6628724437F920060E861 /* ExerciseTableViewCell.swift */,
				3139C4B622C3841C00AA1AA1 /* ProgressViewController.swift */,
				3139C4BA22C3844600AA1AA1 /* CalendarViewController.swift */,
				3139C4C022C3A2C500AA1AA1 /* DateCollectionViewCell.swift */,
				3139C4BC22C3845800AA1AA1 /* ProfileViewController.swift */,
			);
			path = Controller;
			sourceTree = "<group>";
		};
		3139C4BF22C384AA00AA1AA1 /* View */ = {
			isa = PBXGroup;
			children = (
				3139C4AB22C37BC800AA1AA1 /* LaunchScreen.storyboard */,
				3139C4A622C37BC700AA1AA1 /* Main.storyboard */,
			);
			path = View;
			sourceTree = "<group>";
		};
		3139C4C222C3A57800AA1AA1 /* Model */ = {
			isa = PBXGroup;
			children = (
				3139C4C322C3A5A500AA1AA1 /* CalendarVars.swift */,
			);
			path = Model;
			sourceTree = "<group>";
		};
/* End PBXGroup section */

/* Begin PBXNativeTarget section */
		3139C49E22C37BC700AA1AA1 /* Prototype */ = {
			isa = PBXNativeTarget;
			buildConfigurationList = 3139C4B122C37BC800AA1AA1 /* Build configuration list for PBXNativeTarget "Prototype" */;
			buildPhases = (
				3139C49B22C37BC700AA1AA1 /* Sources */,
				3139C49C22C37BC700AA1AA1 /* Frameworks */,
				3139C49D22C37BC700AA1AA1 /* Resources */,
			);
			buildRules = (
			);
			dependencies = (
			);
			name = Prototype;
			productName = Prototype;
			productReference = 3139C49F22C37BC700AA1AA1 /* Prototype.app */;
			productType = "com.apple.product-type.application";
		};
/* End PBXNativeTarget section */

/* Begin PBXProject section */
		3139C49722C37BC700AA1AA1 /* Project object */ = {
			isa = PBXProject;
			attributes = {
				LastSwiftUpdateCheck = 1020;
				LastUpgradeCheck = 1020;
				ORGANIZATIONNAME = GP;
				TargetAttributes = {
					3139C49E22C37BC700AA1AA1 = {
						CreatedOnToolsVersion = 10.2.1;
					};
				};
			};
			buildConfigurationList = 3139C49A22C37BC700AA1AA1 /* Build configuration list for PBXProject "Prototype" */;
			compatibilityVersion = "Xcode 9.3";
			developmentRegion = en;
			hasScannedForEncodings = 0;
			knownRegions = (
				en,
				Base,
			);
			mainGroup = 3139C49622C37BC700AA1AA1;
			productRefGroup = 3139C4A022C37BC700AA1AA1 /* Products */;
			projectDirPath = "";
			projectRoot = "";
			targets = (
				3139C49E22C37BC700AA1AA1 /* Prototype */,
			);
		};
/* End PBXProject section */

/* Begin PBXResourcesBuildPhase section */
		3139C49D22C37BC700AA1AA1 /* Resources */ = {
			isa = PBXResourcesBuildPhase;
			buildActionMask = 2147483647;
			files = (
				3139C4AD22C37BC800AA1AA1 /* LaunchScreen.storyboard in Resources */,
				3139C4AA22C37BC800AA1AA1 /* Assets.xcassets in Resources */,
				3139C4A822C37BC700AA1AA1 /* Main.storyboard in Resources */,
			);
			runOnlyForDeploymentPostprocessing = 0;
		};
/* End PBXResourcesBuildPhase section */

/* Begin PBXSourcesBuildPhase section */
		3139C49B22C37BC700AA1AA1 /* Sources */ = {
			isa = PBXSourcesBuildPhase;
			buildActionMask = 2147483647;
			files = (
				3139C4BD22C3845800AA1AA1 /* ProfileViewController.swift in Sources */,
				31B6628824437F920060E861 /* ExerciseTableViewCell.swift in Sources */,
				3139C4BB22C3844600AA1AA1 /* CalendarViewController.swift in Sources */,
				31B6628624436E050060E861 /* WorkoutTableViewController.swift in Sources */,
				3139C4C422C3A5A500AA1AA1 /* CalendarVars.swift in Sources */,
				3139C4B722C3841C00AA1AA1 /* ProgressViewController.swift in Sources */,
				3139C4C122C3A2C500AA1AA1 /* DateCollectionViewCell.swift in Sources */,
				3139C4A322C37BC700AA1AA1 /* AppDelegate.swift in Sources */,
			);
			runOnlyForDeploymentPostprocessing = 0;
		};
/* End PBXSourcesBuildPhase section */

/* Begin PBXVariantGroup section */
		3139C4A622C37BC700AA1AA1 /* Main.storyboard */ = {
			isa = PBXVariantGroup;
			children = (
				3139C4A722C37BC700AA1AA1 /* Base */,
			);
			name = Main.storyboard;
			sourceTree = "<group>";
		};
		3139C4AB22C37BC800AA1AA1 /* LaunchScreen.storyboard */ = {
			isa = PBXVariantGroup;
			children = (
				3139C4AC22C37BC800AA1AA1 /* Base */,
			);
			name = LaunchScreen.storyboard;
			sourceTree = "<group>";
		};
/* End PBXVariantGroup section */

/* Begin XCBuildConfiguration section */
		3139C4AF22C37BC800AA1AA1 /* Debug */ = {
			isa = XCBuildConfiguration;
			buildSettings = {
				ALWAYS_SEARCH_USER_PATHS = NO;
				CLANG_ANALYZER_NONNULL = YES;
				CLANG_ANALYZER_NUMBER_OBJECT_CONVERSION = YES_AGGRESSIVE;
				CLANG_CXX_LANGUAGE_STANDARD = "gnu++14";
				CLANG_CXX_LIBRARY = "libc++";
				CLANG_ENABLE_MODULES = YES;
				CLANG_ENABLE_OBJC_ARC = YES;
				CLANG_ENABLE_OBJC_WEAK = YES;
				CLANG_WARN_BLOCK_CAPTURE_AUTORELEASING = YES;
				CLANG_WARN_BOOL_CONVERSION = YES;
				CLANG_WARN_COMMA = YES;
				CLANG_WARN_CONSTANT_CONVERSION = YES;
				CLANG_WARN_DEPRECATED_OBJC_IMPLEMENTATIONS = YES;
				CLANG_WARN_DIRECT_OBJC_ISA_USAGE = YES_ERROR;
				CLANG_WARN_DOCUMENTATION_COMMENTS = YES;
				CLANG_WARN_EMPTY_BODY = YES;
				CLANG_WARN_ENUM_CONVERSION = YES;
				CLANG_WARN_INFINITE_RECURSION = YES;
				CLANG_WARN_INT_CONVERSION = YES;
				CLANG_WARN_NON_LITERAL_NULL_CONVERSION = YES;
				CLANG_WARN_OBJC_IMPLICIT_RETAIN_SELF = YES;
				CLANG_WARN_OBJC_LITERAL_CONVERSION = YES;
				CLANG_WARN_OBJC_ROOT_CLASS = YES_ERROR;
				CLANG_WARN_RANGE_LOOP_ANALYSIS = YES;
				CLANG_WARN_STRICT_PROTOTYPES = YES;
				CLANG_WARN_SUSPICIOUS_MOVE = YES;
				CLANG_WARN_UNGUARDED_AVAILABILITY = YES_AGGRESSIVE;
				CLANG_WARN_UNREACHABLE_CODE = YES;
				CLANG_WARN__DUPLICATE_METHOD_MATCH = YES;
				CODE_SIGN_IDENTITY = "iPhone Developer";
				COPY_PHASE_STRIP = NO;
				DEBUG_INFORMATION_FORMAT = dwarf;
				ENABLE_STRICT_OBJC_MSGSEND = YES;
				ENABLE_TESTABILITY = YES;
				GCC_C_LANGUAGE_STANDARD = gnu11;
				GCC_DYNAMIC_NO_PIC = NO;
				GCC_NO_COMMON_BLOCKS = YES;
				GCC_OPTIMIZATION_LEVEL = 0;
				GCC_PREPROCESSOR_DEFINITIONS = (
					"DEBUG=1",
					"$(inherited)",
				);
				GCC_WARN_64_TO_32_BIT_CONVERSION = YES;
				GCC_WARN_ABOUT_RETURN_TYPE = YES_ERROR;
				GCC_WARN_UNDECLARED_SELECTOR = YES;
				GCC_WARN_UNINITIALIZED_AUTOS = YES_AGGRESSIVE;
				GCC_WARN_UNUSED_FUNCTION = YES;
				GCC_WARN_UNUSED_VARIABLE = YES;
				IPHONEOS_DEPLOYMENT_TARGET = 12.2;
				MTL_ENABLE_DEBUG_INFO = INCLUDE_SOURCE;
				MTL_FAST_MATH = YES;
				ONLY_ACTIVE_ARCH = YES;
				SDKROOT = iphoneos;
				SWIFT_ACTIVE_COMPILATION_CONDITIONS = DEBUG;
				SWIFT_OPTIMIZATION_LEVEL = "-Onone";
			};
			name = Debug;
		};
		3139C4B022C37BC800AA1AA1 /* Release */ = {
			isa = XCBuildConfiguration;
			buildSettings = {
				ALWAYS_SEARCH_USER_PATHS = NO;
				CLANG_ANALYZER_NONNULL = YES;
				CLANG_ANALYZER_NUMBER_OBJECT_CONVERSION = YES_AGGRESSIVE;
				CLANG_CXX_LANGUAGE_STANDARD = "gnu++14";
				CLANG_CXX_LIBRARY = "libc++";
				CLANG_ENABLE_MODULES = YES;
				CLANG_ENABLE_OBJC_ARC = YES;
				CLANG_ENABLE_OBJC_WEAK = YES;
				CLANG_WARN_BLOCK_CAPTURE_AUTORELEASING = YES;
				CLANG_WARN_BOOL_CONVERSION = YES;
				CLANG_WARN_COMMA = YES;
				CLANG_WARN_CONSTANT_CONVERSION = YES;
				CLANG_WARN_DEPRECATED_OBJC_IMPLEMENTATIONS = YES;
				CLANG_WARN_DIRECT_OBJC_ISA_USAGE = YES_ERROR;
				CLANG_WARN_DOCUMENTATION_COMMENTS = YES;
				CLANG_WARN_EMPTY_BODY = YES;
				CLANG_WARN_ENUM_CONVERSION = YES;
				CLANG_WARN_INFINITE_RECURSION = YES;
				CLANG_WARN_INT_CONVERSION = YES;
				CLANG_WARN_NON_LITERAL_NULL_CONVERSION = YES;
				CLANG_WARN_OBJC_IMPLICIT_RETAIN_SELF = YES;
				CLANG_WARN_OBJC_LITERAL_CONVERSION = YES;
				CLANG_WARN_OBJC_ROOT_CLASS = YES_ERROR;
				CLANG_WARN_RANGE_LOOP_ANALYSIS = YES;
				CLANG_WARN_STRICT_PROTOTYPES = YES;
				CLANG_WARN_SUSPICIOUS_MOVE = YES;
				CLANG_WARN_UNGUARDED_AVAILABILITY = YES_AGGRESSIVE;
				CLANG_WARN_UNREACHABLE_CODE = YES;
				CLANG_WARN__DUPLICATE_METHOD_MATCH = YES;
				CODE_SIGN_IDENTITY = "iPhone Developer";
				COPY_PHASE_STRIP = NO;
				DEBUG_INFORMATION_FORMAT = "dwarf-with-dsym";
				ENABLE_NS_ASSERTIONS = NO;
				ENABLE_STRICT_OBJC_MSGSEND = YES;
				GCC_C_LANGUAGE_STANDARD = gnu11;
				GCC_NO_COMMON_BLOCKS = YES;
				GCC_WARN_64_TO_32_BIT_CONVERSION = YES;
				GCC_WARN_ABOUT_RETURN_TYPE = YES_ERROR;
				GCC_WARN_UNDECLARED_SELECTOR = YES;
				GCC_WARN_UNINITIALIZED_AUTOS = YES_AGGRESSIVE;
				GCC_WARN_UNUSED_FUNCTION = YES;
				GCC_WARN_UNUSED_VARIABLE = YES;
				IPHONEOS_DEPLOYMENT_TARGET = 12.2;
				MTL_ENABLE_DEBUG_INFO = NO;
				MTL_FAST_MATH = YES;
				SDKROOT = iphoneos;
				SWIFT_COMPILATION_MODE = wholemodule;
				SWIFT_OPTIMIZATION_LEVEL = "-O";
				VALIDATE_PRODUCT = YES;
			};
			name = Release;
		};
		3139C4B222C37BC800AA1AA1 /* Debug */ = {
			isa = XCBuildConfiguration;
			buildSettings = {
				ASSETCATALOG_COMPILER_APPICON_NAME = AppIcon;
				CODE_SIGN_STYLE = Automatic;
				DEVELOPMENT_TEAM = R7386LHKG7;
				INFOPLIST_FILE = Prototype/Info.plist;
				LD_RUNPATH_SEARCH_PATHS = (
					"$(inherited)",
					"@executable_path/Frameworks",
				);
				PRODUCT_BUNDLE_IDENTIFIER = com.pandp.Prototype;
				PRODUCT_NAME = "$(TARGET_NAME)";
				SWIFT_VERSION = 5.0;
				TARGETED_DEVICE_FAMILY = 1;
			};
			name = Debug;
		};
		3139C4B322C37BC800AA1AA1 /* Release */ = {
			isa = XCBuildConfiguration;
			buildSettings = {
				ASSETCATALOG_COMPILER_APPICON_NAME = AppIcon;
				CODE_SIGN_STYLE = Automatic;
				DEVELOPMENT_TEAM = R7386LHKG7;
				INFOPLIST_FILE = Prototype/Info.plist;
				LD_RUNPATH_SEARCH_PATHS = (
					"$(inherited)",
					"@executable_path/Frameworks",
				);
				PRODUCT_BUNDLE_IDENTIFIER = com.pandp.Prototype;
				PRODUCT_NAME = "$(TARGET_NAME)";
				SWIFT_VERSION = 5.0;
				TARGETED_DEVICE_FAMILY = 1;
			};
			name = Release;
		};
/* End XCBuildConfiguration section */

/* Begin XCConfigurationList section */
		3139C49A22C37BC700AA1AA1 /* Build configuration list for PBXProject "Prototype" */ = {
			isa = XCConfigurationList;
			buildConfigurations = (
				3139C4AF22C37BC800AA1AA1 /* Debug */,
				3139C4B022C37BC800AA1AA1 /* Release */,
			);
			defaultConfigurationIsVisible = 0;
			defaultConfigurationName = Release;
		};
		3139C4B122C37BC800AA1AA1 /* Build configuration list for PBXNativeTarget "Prototype" */ = {
			isa = XCConfigurationList;
			buildConfigurations = (
				3139C4B222C37BC800AA1AA1 /* Debug */,
				3139C4B322C37BC800AA1AA1 /* Release */,
			);
			defaultConfigurationIsVisible = 0;
			defaultConfigurationName = Release;
		};
/* End XCConfigurationList section */
	};
	rootObject = 3139C49722C37BC700AA1AA1 /* Project object */;
}
